dependencies:
- name: redis-stack-server
  repository: https://redis-stack.github.io/helm-redis-stack/
  version: 0.4.10
- name: ollama
  repository: https://otwld.github.io/ollama-helm/
  version: 0.22.0
digest: sha256:e63beafb3f039966c9c4e3914aa84487ad6450c1b36429a28ee00850e0c0adb2
generated: "2024-04-23T02:24:39.265487+10:00"
